PODS:
  - MercadoPagoPXTracking (2.0.0)
  - MercadoPagoServices (0.1.0-BETA-1):
    - MercadoPagoPXTracking (= 2.0.0)

DEPENDENCIES:
  - MercadoPagoPXTracking (= 2.0.0)
  - MercadoPagoServices (= 0.1.0-BETA-1)

SPEC CHECKSUMS:
  MercadoPagoPXTracking: a5bb535657018b9e906389115dc287c9bd5654aa
  MercadoPagoServices: e8ef420acd28500ebada6b1e7d91585649da790d

PODFILE CHECKSUM: 79333199d0468b530cac6512d05761cbf23677fb

COCOAPODS: 1.1.1
