PODS:
  - MercadoPagoPXTracking (2.0.1)
  - MercadoPagoServices (0.1.0-BETA-9):
    - MercadoPagoPXTracking (= 2.0.1)

DEPENDENCIES:
  - MercadoPagoPXTracking (= 2.0.1)
  - MercadoPagoServices (= 0.1.0-BETA-9)

SPEC CHECKSUMS:
  MercadoPagoPXTracking: d1d0129392c96a824b85505f0f8ce26f8073db05
  MercadoPagoServices: e0a72948acc9bf15247b25b61aa8c00044eb3203

PODFILE CHECKSUM: e94138973d7343a4369fd948b7d18bd5bd164542

COCOAPODS: 1.3.1
