PODS:
  - MercadoPagoSDK (3.2.2):
    - MercadoPagoSDK/Localization (= 3.2.2)
  - MercadoPagoSDK/Localization (3.2.2):
    - MercadoPagoSDK/Localization/en (= 3.2.2)
    - MercadoPagoSDK/Localization/es (= 3.2.2)
    - MercadoPagoSDK/Localization/es-CO (= 3.2.2)
    - MercadoPagoSDK/Localization/es-MX (= 3.2.2)
    - MercadoPagoSDK/Localization/es-PE (= 3.2.2)
    - MercadoPagoSDK/Localization/es-UY (= 3.2.2)
    - MercadoPagoSDK/Localization/es-VE (= 3.2.2)
    - MercadoPagoSDK/Localization/pt (= 3.2.2)
  - MercadoPagoSDK/Localization/en (3.2.2)
  - MercadoPagoSDK/Localization/es (3.2.2)
  - MercadoPagoSDK/Localization/es-CO (3.2.2)
  - MercadoPagoSDK/Localization/es-MX (3.2.2)
  - MercadoPagoSDK/Localization/es-PE (3.2.2)
  - MercadoPagoSDK/Localization/es-UY (3.2.2)
  - MercadoPagoSDK/Localization/es-VE (3.2.2)
  - MercadoPagoSDK/Localization/pt (3.2.2)

DEPENDENCIES:
  - MercadoPagoSDK (from `../`)

EXTERNAL SOURCES:
  MercadoPagoSDK:
    :path: ../

SPEC CHECKSUMS:
  MercadoPagoSDK: 616739944b177b1691962b511ec1995a7a9069ea

PODFILE CHECKSUM: 7652d70c091fe815ac1f0c32abd1230fe0dccf1a

COCOAPODS: 1.1.1
