PODS:
  - MercadoPagoPXTracking (2.0.1)
  - MercadoPagoSDK (3.7.0):
    - MercadoPagoPXTracking (= 2.0.1)
    - MercadoPagoSDK/Default (= 3.7.0)
    - MercadoPagoServices (= 0.1.0-BETA-7)
  - MercadoPagoSDK/Default (3.7.0):
    - MercadoPagoPXTracking (= 2.0.1)
    - MercadoPagoServices (= 0.1.0-BETA-7)
  - MercadoPagoServices (0.1.0-BETA-7):
    - MercadoPagoPXTracking (= 2.0.1)

DEPENDENCIES:
  - MercadoPagoSDK (from `../`)

EXTERNAL SOURCES:
  MercadoPagoSDK:
    :path: ../

SPEC CHECKSUMS:
  MercadoPagoPXTracking: d1d0129392c96a824b85505f0f8ce26f8073db05
  MercadoPagoSDK: cca3319abaf2b69665a8b4235fcb48e623205da1
  MercadoPagoServices: 58136f93127860f7055c481039bfb3a98f57c034

PODFILE CHECKSUM: 0f6b43d10d558c6e6d8e0c9822e0f6b608251a31

COCOAPODS: 1.3.1
